
Microsoft Visual Studio Solution File, Format Version 12.00
# Visual Studio Version 17
VisualStudioVersion = 17.12.35506.116
MinimumVisualStudioVersion = 10.0.40219.1
Project("{FAE04EC0-301F-11D3-BF4B-00C04F79EFBC}") = "Akeldov.Data", "src\Akeldov.Data\Akeldov.Data.csproj", "{BB6FC017-0514-44EA-B029-3D8D09EDB963}"
EndProject
Project("{2150E333-8FDC-42A3-9474-1A3956D46DE8}") = "src", "src", "{3DD72945-0244-4636-B5E4-297F8FA93E03}"
EndProject
Project("{2150E333-8FDC-42A3-9474-1A3956D46DE8}") = "tests", "tests", "{A4F09D35-88A8-4EB6-BD9A-D6B9E7D24474}"
EndProject
Project("{FAE04EC0-301F-11D3-BF4B-00C04F79EFBC}") = "Akeldov.Data.Tests", "tests\Akeldov.Data.Tests\Akeldov.Data.Tests.csproj", "{A2DBA489-2F3D-44F2-AD02-283686E45470}"
EndProject
Project("{FAE04EC0-301F-11D3-BF4B-00C04F79EFBC}") = "Akeldov.Data.SqlServer", "src\Akeldov.Data.SqlServer\Akeldov.Data.SqlServer.csproj", "{B3199FF5-42F7-4A56-A29E-5418BA67A545}"
EndProject
Project("{FAE04EC0-301F-11D3-BF4B-00C04F79EFBC}") = "Akeldov.Data.PostgreSql", "src\Akeldov.Data.PostgreSql\Akeldov.Data.PostgreSql.csproj", "{B591F3AA-5709-4930-94F1-4F424E02D3D9}"
EndProject
Project("{FAE04EC0-301F-11D3-BF4B-00C04F79EFBC}") = "Akeldov.Data.SqlServer.Tests", "tests\Akeldov.Data.SqlServer.Tests\Akeldov.Data.SqlServer.Tests.csproj", "{93E138A6-F3F7-46A8-A7E1-5A5A35802920}"
EndProject
Project("{FAE04EC0-301F-11D3-BF4B-00C04F79EFBC}") = "Akeldov.Data.PostgreSql.Tests", "tests\Akeldov.Data.PostgreSql.Tests\Akeldov.Data.PostgreSql.Tests.csproj", "{1C7713F2-57A2-411A-8E20-AF0B141CA36F}"
EndProject
Project("{FAE04EC0-301F-11D3-BF4B-00C04F79EFBC}") = "Akeldov.Data.SqlServer.IntegrationTests", "tests\Akeldov.Data.SqlServer.IntegrationTests\Akeldov.Data.SqlServer.IntegrationTests.csproj", "{76589922-C7CC-4827-B776-0638171671FA}"
EndProject
Project("{FAE04EC0-301F-11D3-BF4B-00C04F79EFBC}") = "Akeldov.Data.PostgreSql.IntegrationTests", "tests\Akeldov.Data.PostgreSql.IntegrationTests\Akeldov.Data.PostgreSql.IntegrationTests.csproj", "{C14073C4-07C2-455D-B768-F55DF385F7EA}"
EndProject
Project("{FAE04EC0-301F-11D3-BF4B-00C04F79EFBC}") = "Akeldov.Data.Kusto", "src\Akeldov.Data.Kusto\Akeldov.Data.Kusto.csproj", "{895327B6-2F5D-47DD-AC02-3B369755981F}"
EndProject
Project("{FAE04EC0-301F-11D3-BF4B-00C04F79EFBC}") = "Akeldov.Data.Kusto.Tests", "tests\Akeldov.Data.Kusto.Tests\Akeldov.Data.Kusto.Tests.csproj", "{3755375B-1BFC-444D-B1FC-1291EFD79F81}"
EndProject
Project("{FAE04EC0-301F-11D3-BF4B-00C04F79EFBC}") = "Akeldov.Data.Kusto.IntegrationTests", "tests\Akeldov.Data.Kusto.IntegrationTests\Akeldov.Data.Kusto.IntegrationTests.csproj", "{24E78CE0-6E0D-4F67-A6BC-D42F37D9FEE9}"
EndProject
Project("{FAE04EC0-301F-11D3-BF4B-00C04F79EFBC}") = "Akeldov.Data.MongoDb", "src\Akeldov.Data.MongoDb\Akeldov.Data.MongoDb.csproj", "{EE1DE272-256C-4691-8D93-1EB3F6534219}"
EndProject
Project("{FAE04EC0-301F-11D3-BF4B-00C04F79EFBC}") = "Akeldov.Data.MongoDb.Tests", "tests\Akeldov.Data.MongoDb.Tests\Akeldov.Data.MongoDb.Tests.csproj", "{F0F1EA10-6CB1-4774-BD42-FF82AF0147FD}"
EndProject
Project("{FAE04EC0-301F-11D3-BF4B-00C04F79EFBC}") = "Akeldov.Data.MongoDb.IntegrationTests", "tests\Akeldov.Data.MongoDb.IntegrationTests\Akeldov.Data.MongoDb.IntegrationTests.csproj", "{0E31512B-D173-4B3B-8CA4-2AF69107433F}"
EndProject
Project("{FAE04EC0-301F-11D3-BF4B-00C04F79EFBC}") = "Akeldov.Data.ClickHouse", "src\Akeldov.Data.ClickHouse\Akeldov.Data.ClickHouse.csproj", "{87CA9291-F3F8-411C-9954-454978074630}"
EndProject
Project("{FAE04EC0-301F-11D3-BF4B-00C04F79EFBC}") = "Akeldov.Data.ClickHouse.Tests", "tests\Akeldov.Data.ClickHouse.Tests\Akeldov.Data.ClickHouse.Tests.csproj", "{7530A9BB-E979-4D7B-AD52-54BB5146B4D6}"
EndProject
Project("{FAE04EC0-301F-11D3-BF4B-00C04F79EFBC}") = "Akeldov.Data.ClickHouse.IntegrationTests", "tests\Akeldov.Data.ClickHouse.IntegrationTests\Akeldov.Data.ClickHouse.IntegrationTests.csproj", "{4E1A8029-819D-4D94-B3F7-A0A7B9A06B2B}"
EndProject
Global
	GlobalSection(SolutionConfigurationPlatforms) = preSolution
		Debug|Any CPU = Debug|Any CPU
		Release|Any CPU = Release|Any CPU
	EndGlobalSection
	GlobalSection(ProjectConfigurationPlatforms) = postSolution
		{BB6FC017-0514-44EA-B029-3D8D09EDB963}.Debug|Any CPU.ActiveCfg = Debug|Any CPU
		{BB6FC017-0514-44EA-B029-3D8D09EDB963}.Debug|Any CPU.Build.0 = Debug|Any CPU
		{BB6FC017-0514-44EA-B029-3D8D09EDB963}.Release|Any CPU.ActiveCfg = Release|Any CPU
		{BB6FC017-0514-44EA-B029-3D8D09EDB963}.Release|Any CPU.Build.0 = Release|Any CPU
		{A2DBA489-2F3D-44F2-AD02-283686E45470}.Debug|Any CPU.ActiveCfg = Debug|Any CPU
		{A2DBA489-2F3D-44F2-AD02-283686E45470}.Debug|Any CPU.Build.0 = Debug|Any CPU
		{A2DBA489-2F3D-44F2-AD02-283686E45470}.Release|Any CPU.ActiveCfg = Release|Any CPU
		{A2DBA489-2F3D-44F2-AD02-283686E45470}.Release|Any CPU.Build.0 = Release|Any CPU
		{B3199FF5-42F7-4A56-A29E-5418BA67A545}.Debug|Any CPU.ActiveCfg = Debug|Any CPU
		{B3199FF5-42F7-4A56-A29E-5418BA67A545}.Debug|Any CPU.Build.0 = Debug|Any CPU
		{B3199FF5-42F7-4A56-A29E-5418BA67A545}.Release|Any CPU.ActiveCfg = Release|Any CPU
		{B3199FF5-42F7-4A56-A29E-5418BA67A545}.Release|Any CPU.Build.0 = Release|Any CPU
		{B591F3AA-5709-4930-94F1-4F424E02D3D9}.Debug|Any CPU.ActiveCfg = Debug|Any CPU
		{B591F3AA-5709-4930-94F1-4F424E02D3D9}.Debug|Any CPU.Build.0 = Debug|Any CPU
		{B591F3AA-5709-4930-94F1-4F424E02D3D9}.Release|Any CPU.ActiveCfg = Release|Any CPU
		{B591F3AA-5709-4930-94F1-4F424E02D3D9}.Release|Any CPU.Build.0 = Release|Any CPU
		{93E138A6-F3F7-46A8-A7E1-5A5A35802920}.Debug|Any CPU.ActiveCfg = Debug|Any CPU
		{93E138A6-F3F7-46A8-A7E1-5A5A35802920}.Debug|Any CPU.Build.0 = Debug|Any CPU
		{93E138A6-F3F7-46A8-A7E1-5A5A35802920}.Release|Any CPU.ActiveCfg = Release|Any CPU
		{93E138A6-F3F7-46A8-A7E1-5A5A35802920}.Release|Any CPU.Build.0 = Release|Any CPU
		{1C7713F2-57A2-411A-8E20-AF0B141CA36F}.Debug|Any CPU.ActiveCfg = Debug|Any CPU
		{1C7713F2-57A2-411A-8E20-AF0B141CA36F}.Debug|Any CPU.Build.0 = Debug|Any CPU
		{1C7713F2-57A2-411A-8E20-AF0B141CA36F}.Release|Any CPU.ActiveCfg = Release|Any CPU
		{1C7713F2-57A2-411A-8E20-AF0B141CA36F}.Release|Any CPU.Build.0 = Release|Any CPU
		{76589922-C7CC-4827-B776-0638171671FA}.Debug|Any CPU.ActiveCfg = Debug|Any CPU
		{76589922-C7CC-4827-B776-0638171671FA}.Debug|Any CPU.Build.0 = Debug|Any CPU
		{76589922-C7CC-4827-B776-0638171671FA}.Release|Any CPU.ActiveCfg = Release|Any CPU
		{76589922-C7CC-4827-B776-0638171671FA}.Release|Any CPU.Build.0 = Release|Any CPU
		{C14073C4-07C2-455D-B768-F55DF385F7EA}.Debug|Any CPU.ActiveCfg = Debug|Any CPU
		{C14073C4-07C2-455D-B768-F55DF385F7EA}.Debug|Any CPU.Build.0 = Debug|Any CPU
		{C14073C4-07C2-455D-B768-F55DF385F7EA}.Release|Any CPU.ActiveCfg = Release|Any CPU
		{C14073C4-07C2-455D-B768-F55DF385F7EA}.Release|Any CPU.Build.0 = Release|Any CPU
		{895327B6-2F5D-47DD-AC02-3B369755981F}.Debug|Any CPU.ActiveCfg = Debug|Any CPU
		{895327B6-2F5D-47DD-AC02-3B369755981F}.Debug|Any CPU.Build.0 = Debug|Any CPU
		{895327B6-2F5D-47DD-AC02-3B369755981F}.Release|Any CPU.ActiveCfg = Release|Any CPU
		{895327B6-2F5D-47DD-AC02-3B369755981F}.Release|Any CPU.Build.0 = Release|Any CPU
		{3755375B-1BFC-444D-B1FC-1291EFD79F81}.Debug|Any CPU.ActiveCfg = Debug|Any CPU
		{3755375B-1BFC-444D-B1FC-1291EFD79F81}.Debug|Any CPU.Build.0 = Debug|Any CPU
		{3755375B-1BFC-444D-B1FC-1291EFD79F81}.Release|Any CPU.ActiveCfg = Release|Any CPU
		{3755375B-1BFC-444D-B1FC-1291EFD79F81}.Release|Any CPU.Build.0 = Release|Any CPU
		{24E78CE0-6E0D-4F67-A6BC-D42F37D9FEE9}.Debug|Any CPU.ActiveCfg = Debug|Any CPU
		{24E78CE0-6E0D-4F67-A6BC-D42F37D9FEE9}.Debug|Any CPU.Build.0 = Debug|Any CPU
		{24E78CE0-6E0D-4F67-A6BC-D42F37D9FEE9}.Release|Any CPU.ActiveCfg = Release|Any CPU
		{24E78CE0-6E0D-4F67-A6BC-D42F37D9FEE9}.Release|Any CPU.Build.0 = Release|Any CPU
		{EE1DE272-256C-4691-8D93-1EB3F6534219}.Debug|Any CPU.ActiveCfg = Debug|Any CPU
		{EE1DE272-256C-4691-8D93-1EB3F6534219}.Debug|Any CPU.Build.0 = Debug|Any CPU
		{EE1DE272-256C-4691-8D93-1EB3F6534219}.Release|Any CPU.ActiveCfg = Release|Any CPU
		{EE1DE272-256C-4691-8D93-1EB3F6534219}.Release|Any CPU.Build.0 = Release|Any CPU
		{F0F1EA10-6CB1-4774-BD42-FF82AF0147FD}.Debug|Any CPU.ActiveCfg = Debug|Any CPU
		{F0F1EA10-6CB1-4774-BD42-FF82AF0147FD}.Debug|Any CPU.Build.0 = Debug|Any CPU
		{F0F1EA10-6CB1-4774-BD42-FF82AF0147FD}.Release|Any CPU.ActiveCfg = Release|Any CPU
		{F0F1EA10-6CB1-4774-BD42-FF82AF0147FD}.Release|Any CPU.Build.0 = Release|Any CPU
		{0E31512B-D173-4B3B-8CA4-2AF69107433F}.Debug|Any CPU.ActiveCfg = Debug|Any CPU
		{0E31512B-D173-4B3B-8CA4-2AF69107433F}.Debug|Any CPU.Build.0 = Debug|Any CPU
		{0E31512B-D173-4B3B-8CA4-2AF69107433F}.Release|Any CPU.ActiveCfg = Release|Any CPU
		{0E31512B-D173-4B3B-8CA4-2AF69107433F}.Release|Any CPU.Build.0 = Release|Any CPU
		{87CA9291-F3F8-411C-9954-454978074630}.Debug|Any CPU.ActiveCfg = Debug|Any CPU
		{87CA9291-F3F8-411C-9954-454978074630}.Debug|Any CPU.Build.0 = Debug|Any CPU
		{87CA9291-F3F8-411C-9954-454978074630}.Release|Any CPU.ActiveCfg = Release|Any CPU
		{87CA9291-F3F8-411C-9954-454978074630}.Release|Any CPU.Build.0 = Release|Any CPU
		{7530A9BB-E979-4D7B-AD52-54BB5146B4D6}.Debug|Any CPU.ActiveCfg = Debug|Any CPU
		{7530A9BB-E979-4D7B-AD52-54BB5146B4D6}.Debug|Any CPU.Build.0 = Debug|Any CPU
		{7530A9BB-E979-4D7B-AD52-54BB5146B4D6}.Release|Any CPU.ActiveCfg = Release|Any CPU
		{7530A9BB-E979-4D7B-AD52-54BB5146B4D6}.Release|Any CPU.Build.0 = Release|Any CPU
		{4E1A8029-819D-4D94-B3F7-A0A7B9A06B2B}.Debug|Any CPU.ActiveCfg = Debug|Any CPU
		{4E1A8029-819D-4D94-B3F7-A0A7B9A06B2B}.Debug|Any CPU.Build.0 = Debug|Any CPU
		{4E1A8029-819D-4D94-B3F7-A0A7B9A06B2B}.Release|Any CPU.ActiveCfg = Release|Any CPU
		{4E1A8029-819D-4D94-B3F7-A0A7B9A06B2B}.Release|Any CPU.Build.0 = Release|Any CPU
	EndGlobalSection
	GlobalSection(SolutionProperties) = preSolution
		HideSolutionNode = FALSE
	EndGlobalSection
	GlobalSection(NestedProjects) = preSolution
		{BB6FC017-0514-44EA-B029-3D8D09EDB963} = {3DD72945-0244-4636-B5E4-297F8FA93E03}
		{A2DBA489-2F3D-44F2-AD02-283686E45470} = {A4F09D35-88A8-4EB6-BD9A-D6B9E7D24474}
		{B3199FF5-42F7-4A56-A29E-5418BA67A545} = {3DD72945-0244-4636-B5E4-297F8FA93E03}
		{B591F3AA-5709-4930-94F1-4F424E02D3D9} = {3DD72945-0244-4636-B5E4-297F8FA93E03}
		{93E138A6-F3F7-46A8-A7E1-5A5A35802920} = {A4F09D35-88A8-4EB6-BD9A-D6B9E7D24474}
		{1C7713F2-57A2-411A-8E20-AF0B141CA36F} = {A4F09D35-88A8-4EB6-BD9A-D6B9E7D24474}
		{76589922-C7CC-4827-B776-0638171671FA} = {A4F09D35-88A8-4EB6-BD9A-D6B9E7D24474}
		{C14073C4-07C2-455D-B768-F55DF385F7EA} = {A4F09D35-88A8-4EB6-BD9A-D6B9E7D24474}
		{895327B6-2F5D-47DD-AC02-3B369755981F} = {3DD72945-0244-4636-B5E4-297F8FA93E03}
		{3755375B-1BFC-444D-B1FC-1291EFD79F81} = {A4F09D35-88A8-4EB6-BD9A-D6B9E7D24474}
		{24E78CE0-6E0D-4F67-A6BC-D42F37D9FEE9} = {A4F09D35-88A8-4EB6-BD9A-D6B9E7D24474}
		{EE1DE272-256C-4691-8D93-1EB3F6534219} = {3DD72945-0244-4636-B5E4-297F8FA93E03}
		{F0F1EA10-6CB1-4774-BD42-FF82AF0147FD} = {A4F09D35-88A8-4EB6-BD9A-D6B9E7D24474}
		{0E31512B-D173-4B3B-8CA4-2AF69107433F} = {A4F09D35-88A8-4EB6-BD9A-D6B9E7D24474}
		{87CA9291-F3F8-411C-9954-454978074630} = {3DD72945-0244-4636-B5E4-297F8FA93E03}
		{7530A9BB-E979-4D7B-AD52-54BB5146B4D6} = {A4F09D35-88A8-4EB6-BD9A-D6B9E7D24474}
		{4E1A8029-819D-4D94-B3F7-A0A7B9A06B2B} = {A4F09D35-88A8-4EB6-BD9A-D6B9E7D24474}
	EndGlobalSection
EndGlobal
