
Microsoft Visual Studio Solution File, Format Version 12.00
# Visual Studio Version 17
VisualStudioVersion = 17.12.35506.116
MinimumVisualStudioVersion = 10.0.40219.1
Project("{FAE04EC0-301F-11D3-BF4B-00C04F79EFBC}") = "Akeldov.Data", "src\Akeldov.Data\Akeldov.Data.csproj", "{BB6FC017-0514-44EA-B029-3D8D09EDB963}"
EndProject
Project("{2150E333-8FDC-42A3-9474-1A3956D46DE8}") = "src", "src", "{3DD72945-0244-4636-B5E4-297F8FA93E03}"
EndProject
Project("{2150E333-8FDC-42A3-9474-1A3956D46DE8}") = "tests", "tests", "{A4F09D35-88A8-4EB6-BD9A-D6B9E7D24474}"
EndProject
Project("{FAE04EC0-301F-11D3-BF4B-00C04F79EFBC}") = "Akeldov.Data.Tests", "tests\Akeldov.Data.Tests\Akeldov.Data.Tests.csproj", "{A2DBA489-2F3D-44F2-AD02-283686E45470}"
EndProject
Global
	GlobalSection(SolutionConfigurationPlatforms) = preSolution
		Debug|Any CPU = Debug|Any CPU
		Release|Any CPU = Release|Any CPU
	EndGlobalSection
	GlobalSection(ProjectConfigurationPlatforms) = postSolution
		{BB6FC017-0514-44EA-B029-3D8D09EDB963}.Debug|Any CPU.ActiveCfg = Debug|Any CPU
		{BB6FC017-0514-44EA-B029-3D8D09EDB963}.Debug|Any CPU.Build.0 = Debug|Any CPU
		{BB6FC017-0514-44EA-B029-3D8D09EDB963}.Release|Any CPU.ActiveCfg = Release|Any CPU
		{BB6FC017-0514-44EA-B029-3D8D09EDB963}.Release|Any CPU.Build.0 = Release|Any CPU
		{A2DBA489-2F3D-44F2-AD02-283686E45470}.Debug|Any CPU.ActiveCfg = Debug|Any CPU
		{A2DBA489-2F3D-44F2-AD02-283686E45470}.Debug|Any CPU.Build.0 = Debug|Any CPU
		{A2DBA489-2F3D-44F2-AD02-283686E45470}.Release|Any CPU.ActiveCfg = Release|Any CPU
		{A2DBA489-2F3D-44F2-AD02-283686E45470}.Release|Any CPU.Build.0 = Release|Any CPU
	EndGlobalSection
	GlobalSection(SolutionProperties) = preSolution
		HideSolutionNode = FALSE
	EndGlobalSection
	GlobalSection(NestedProjects) = preSolution
		{BB6FC017-0514-44EA-B029-3D8D09EDB963} = {3DD72945-0244-4636-B5E4-297F8FA93E03}
		{A2DBA489-2F3D-44F2-AD02-283686E45470} = {A4F09D35-88A8-4EB6-BD9A-D6B9E7D24474}
	EndGlobalSection
EndGlobal
